
Microsoft Visual Studio Solution File, Format Version 12.00
Project("{FAE04EC0-301F-11D3-BF4B-00C04F79EFBC}") = "Claims.WebApi", "Claims.WebApi\Claims.WebApi.csproj", "{B4C6FE28-1951-4829-A8DD-3D97F57C25D0}"
EndProject
Project("{2150E333-8FDC-42A3-9474-1A3956D46DE8}") = "Tests", "Tests", "{534A2313-4FD7-4222-81C5-F13F9CBE5BF5}"
EndProject
Project("{FAE04EC0-301F-11D3-BF4B-00C04F79EFBC}") = "Claims.Application", "Claims.Application\Claims.Application.csproj", "{AE9A9564-13A6-4A27-89D5-700D62C689C6}"
EndProject
Project("{FAE04EC0-301F-11D3-BF4B-00C04F79EFBC}") = "Claims.UnitTests", "Claims.UnitTests\Claims.UnitTests.csproj", "{B315D296-87E1-4A5A-8476-E3B965E6DCB7}"
EndProject
Project("{FAE04EC0-301F-11D3-BF4B-00C04F79EFBC}") = "Claims.Domain", "Claims.Domain\Claims.Domain.csproj", "{AE367857-3C28-4D7C-AD55-FA4498D8F5E5}"
EndProject
Global
	GlobalSection(SolutionConfigurationPlatforms) = preSolution
		Debug|Any CPU = Debug|Any CPU
		Release|Any CPU = Release|Any CPU
	EndGlobalSection
	GlobalSection(ProjectConfigurationPlatforms) = postSolution
		{B4C6FE28-1951-4829-A8DD-3D97F57C25D0}.Debug|Any CPU.ActiveCfg = Debug|Any CPU
		{B4C6FE28-1951-4829-A8DD-3D97F57C25D0}.Debug|Any CPU.Build.0 = Debug|Any CPU
		{B4C6FE28-1951-4829-A8DD-3D97F57C25D0}.Release|Any CPU.ActiveCfg = Release|Any CPU
		{B4C6FE28-1951-4829-A8DD-3D97F57C25D0}.Release|Any CPU.Build.0 = Release|Any CPU
		{AE9A9564-13A6-4A27-89D5-700D62C689C6}.Debug|Any CPU.ActiveCfg = Debug|Any CPU
		{AE9A9564-13A6-4A27-89D5-700D62C689C6}.Debug|Any CPU.Build.0 = Debug|Any CPU
		{AE9A9564-13A6-4A27-89D5-700D62C689C6}.Release|Any CPU.ActiveCfg = Release|Any CPU
		{AE9A9564-13A6-4A27-89D5-700D62C689C6}.Release|Any CPU.Build.0 = Release|Any CPU
		{B315D296-87E1-4A5A-8476-E3B965E6DCB7}.Debug|Any CPU.ActiveCfg = Debug|Any CPU
		{B315D296-87E1-4A5A-8476-E3B965E6DCB7}.Debug|Any CPU.Build.0 = Debug|Any CPU
		{B315D296-87E1-4A5A-8476-E3B965E6DCB7}.Release|Any CPU.ActiveCfg = Release|Any CPU
		{B315D296-87E1-4A5A-8476-E3B965E6DCB7}.Release|Any CPU.Build.0 = Release|Any CPU
		{AE367857-3C28-4D7C-AD55-FA4498D8F5E5}.Debug|Any CPU.ActiveCfg = Debug|Any CPU
		{AE367857-3C28-4D7C-AD55-FA4498D8F5E5}.Debug|Any CPU.Build.0 = Debug|Any CPU
		{AE367857-3C28-4D7C-AD55-FA4498D8F5E5}.Release|Any CPU.ActiveCfg = Release|Any CPU
		{AE367857-3C28-4D7C-AD55-FA4498D8F5E5}.Release|Any CPU.Build.0 = Release|Any CPU
	EndGlobalSection
	GlobalSection(NestedProjects) = preSolution
		{B315D296-87E1-4A5A-8476-E3B965E6DCB7} = {534A2313-4FD7-4222-81C5-F13F9CBE5BF5}
	EndGlobalSection
EndGlobal
