
Microsoft Visual Studio Solution File, Format Version 12.00
Project("{FAE04EC0-301F-11D3-BF4B-00C04F79EFBC}") = "Claims.WebApi", "Claims.WebApi\Claims.WebApi.csproj", "{B4C6FE28-1951-4829-A8DD-3D97F57C25D0}"
EndProject
Project("{2150E333-8FDC-42A3-9474-1A3956D46DE8}") = "Tests", "Tests", "{534A2313-4FD7-4222-81C5-F13F9CBE5BF5}"
EndProject
Project("{FAE04EC0-301F-11D3-BF4B-00C04F79EFBC}") = "Claims.Application", "Claims.Application\Claims.Application.csproj", "{AE9A9564-13A6-4A27-89D5-700D62C689C6}"
EndProject
Project("{FAE04EC0-301F-11D3-BF4B-00C04F79EFBC}") = "Claims.UnitTests", "Claims.UnitTests\Claims.UnitTests.csproj", "{B315D296-87E1-4A5A-8476-E3B965E6DCB7}"
EndProject
Project("{FAE04EC0-301F-11D3-BF4B-00C04F79EFBC}") = "Claims.Domain", "Claims.Domain\Claims.Domain.csproj", "{AE367857-3C28-4D7C-AD55-FA4498D8F5E5}"
EndProject
Project("{FAE04EC0-301F-11D3-BF4B-00C04F79EFBC}") = "Claims.IntegrationTests", "Claims.IntegrationTests\Claims.IntegrationTests.csproj", "{9711F09C-F5A5-4BBB-8F22-B68037BA2A3D}"
EndProject
Project("{FAE04EC0-301F-11D3-BF4B-00C04F79EFBC}") = "Claims.Infrastructure", "Claims.Infrastructure\Claims.Infrastructure.csproj", "{8B5235E5-56D9-4550-9AED-49FCD3409D63}"
EndProject
Project("{2150E333-8FDC-42A3-9474-1A3956D46DE8}") = "Claims", "Claims", "{EF16333B-3A1D-462D-AAE4-47E5D707C670}"
EndProject
Project("{2150E333-8FDC-42A3-9474-1A3956D46DE8}") = "Payments", "Payments", "{53344CB4-63DA-4E34-9AF3-B6A5A858D06E}"
EndProject
Project("{FAE04EC0-301F-11D3-BF4B-00C04F79EFBC}") = "Payments.WebApi", "Payments.WebApi\Payments.WebApi.csproj", "{3D4FDD1E-68D2-4D0C-A19D-1EF05715C70B}"
EndProject
Project("{FAE04EC0-301F-11D3-BF4B-00C04F79EFBC}") = "Payments.Infrastructure", "Payments.Infrastructure\Payments.Infrastructure.csproj", "{025AFBAB-8A89-48E2-B9E5-CE51168AFA74}"
EndProject
Project("{2150E333-8FDC-42A3-9474-1A3956D46DE8}") = "Tests", "Tests", "{A3FC83E4-8345-44C6-87FB-D22E4E90905D}"
EndProject
Project("{FAE04EC0-301F-11D3-BF4B-00C04F79EFBC}") = "Payments.UnitTests", "Payments.UnitTests\Payments.UnitTests.csproj", "{28234451-4B23-4944-8642-57DB2440737A}"
EndProject
Project("{FAE04EC0-301F-11D3-BF4B-00C04F79EFBC}") = "Payments.Domain", "Payments.Domain\Payments.Domain.csproj", "{E9312D37-D0A4-4944-B4EF-0F6C30A76CD8}"
EndProject
Project("{FAE04EC0-301F-11D3-BF4B-00C04F79EFBC}") = "Payments.Application", "Payments.Application\Payments.Application.csproj", "{150D6238-1181-40E4-9642-1412E40E7B00}"
EndProject
Project("{2150E333-8FDC-42A3-9474-1A3956D46DE8}") = "Common", "Common", "{B8778308-C727-47A4-93AD-18EA67BC91D7}"
EndProject
Project("{FAE04EC0-301F-11D3-BF4B-00C04F79EFBC}") = "Common.ApplicationCore", "Common.ApplicationCore\Common.ApplicationCore.csproj", "{AD9BF3F4-7750-4444-AD0D-5BFDA95F21C2}"
EndProject
Project("{2150E333-8FDC-42A3-9474-1A3956D46DE8}") = "Tests", "Tests", "{09988BDC-7B51-4FCF-B576-CDBEC48A4DDB}"
EndProject
Project("{FAE04EC0-301F-11D3-BF4B-00C04F79EFBC}") = "Common.UnitTests", "Common.UnitTests\Common.UnitTests.csproj", "{4054CA78-9470-4C60-9C6F-CB9C250DF72A}"
EndProject
Project("{FAE04EC0-301F-11D3-BF4B-00C04F79EFBC}") = "Payments.IntegrationTests", "Payments.IntegrationTests\Payments.IntegrationTests.csproj", "{B53CFDFB-6FE7-4B92-A53F-5CFE44F7CAA9}"
EndProject
Global
	GlobalSection(SolutionConfigurationPlatforms) = preSolution
		Debug|Any CPU = Debug|Any CPU
		Release|Any CPU = Release|Any CPU
	EndGlobalSection
	GlobalSection(ProjectConfigurationPlatforms) = postSolution
		{B4C6FE28-1951-4829-A8DD-3D97F57C25D0}.Debug|Any CPU.ActiveCfg = Debug|Any CPU
		{B4C6FE28-1951-4829-A8DD-3D97F57C25D0}.Debug|Any CPU.Build.0 = Debug|Any CPU
		{B4C6FE28-1951-4829-A8DD-3D97F57C25D0}.Release|Any CPU.ActiveCfg = Release|Any CPU
		{B4C6FE28-1951-4829-A8DD-3D97F57C25D0}.Release|Any CPU.Build.0 = Release|Any CPU
		{AE9A9564-13A6-4A27-89D5-700D62C689C6}.Debug|Any CPU.ActiveCfg = Debug|Any CPU
		{AE9A9564-13A6-4A27-89D5-700D62C689C6}.Debug|Any CPU.Build.0 = Debug|Any CPU
		{AE9A9564-13A6-4A27-89D5-700D62C689C6}.Release|Any CPU.ActiveCfg = Release|Any CPU
		{AE9A9564-13A6-4A27-89D5-700D62C689C6}.Release|Any CPU.Build.0 = Release|Any CPU
		{B315D296-87E1-4A5A-8476-E3B965E6DCB7}.Debug|Any CPU.ActiveCfg = Debug|Any CPU
		{B315D296-87E1-4A5A-8476-E3B965E6DCB7}.Debug|Any CPU.Build.0 = Debug|Any CPU
		{B315D296-87E1-4A5A-8476-E3B965E6DCB7}.Release|Any CPU.ActiveCfg = Release|Any CPU
		{B315D296-87E1-4A5A-8476-E3B965E6DCB7}.Release|Any CPU.Build.0 = Release|Any CPU
		{AE367857-3C28-4D7C-AD55-FA4498D8F5E5}.Debug|Any CPU.ActiveCfg = Debug|Any CPU
		{AE367857-3C28-4D7C-AD55-FA4498D8F5E5}.Debug|Any CPU.Build.0 = Debug|Any CPU
		{AE367857-3C28-4D7C-AD55-FA4498D8F5E5}.Release|Any CPU.ActiveCfg = Release|Any CPU
		{AE367857-3C28-4D7C-AD55-FA4498D8F5E5}.Release|Any CPU.Build.0 = Release|Any CPU
		{9711F09C-F5A5-4BBB-8F22-B68037BA2A3D}.Debug|Any CPU.ActiveCfg = Debug|Any CPU
		{9711F09C-F5A5-4BBB-8F22-B68037BA2A3D}.Debug|Any CPU.Build.0 = Debug|Any CPU
		{9711F09C-F5A5-4BBB-8F22-B68037BA2A3D}.Release|Any CPU.ActiveCfg = Release|Any CPU
		{9711F09C-F5A5-4BBB-8F22-B68037BA2A3D}.Release|Any CPU.Build.0 = Release|Any CPU
		{8B5235E5-56D9-4550-9AED-49FCD3409D63}.Debug|Any CPU.ActiveCfg = Debug|Any CPU
		{8B5235E5-56D9-4550-9AED-49FCD3409D63}.Debug|Any CPU.Build.0 = Debug|Any CPU
		{8B5235E5-56D9-4550-9AED-49FCD3409D63}.Release|Any CPU.ActiveCfg = Release|Any CPU
		{8B5235E5-56D9-4550-9AED-49FCD3409D63}.Release|Any CPU.Build.0 = Release|Any CPU
		{3D4FDD1E-68D2-4D0C-A19D-1EF05715C70B}.Debug|Any CPU.ActiveCfg = Debug|Any CPU
		{3D4FDD1E-68D2-4D0C-A19D-1EF05715C70B}.Debug|Any CPU.Build.0 = Debug|Any CPU
		{3D4FDD1E-68D2-4D0C-A19D-1EF05715C70B}.Release|Any CPU.ActiveCfg = Release|Any CPU
		{3D4FDD1E-68D2-4D0C-A19D-1EF05715C70B}.Release|Any CPU.Build.0 = Release|Any CPU
		{025AFBAB-8A89-48E2-B9E5-CE51168AFA74}.Debug|Any CPU.ActiveCfg = Debug|Any CPU
		{025AFBAB-8A89-48E2-B9E5-CE51168AFA74}.Debug|Any CPU.Build.0 = Debug|Any CPU
		{025AFBAB-8A89-48E2-B9E5-CE51168AFA74}.Release|Any CPU.ActiveCfg = Release|Any CPU
		{025AFBAB-8A89-48E2-B9E5-CE51168AFA74}.Release|Any CPU.Build.0 = Release|Any CPU
		{28234451-4B23-4944-8642-57DB2440737A}.Debug|Any CPU.ActiveCfg = Debug|Any CPU
		{28234451-4B23-4944-8642-57DB2440737A}.Debug|Any CPU.Build.0 = Debug|Any CPU
		{28234451-4B23-4944-8642-57DB2440737A}.Release|Any CPU.ActiveCfg = Release|Any CPU
		{28234451-4B23-4944-8642-57DB2440737A}.Release|Any CPU.Build.0 = Release|Any CPU
		{E9312D37-D0A4-4944-B4EF-0F6C30A76CD8}.Debug|Any CPU.ActiveCfg = Debug|Any CPU
		{E9312D37-D0A4-4944-B4EF-0F6C30A76CD8}.Debug|Any CPU.Build.0 = Debug|Any CPU
		{E9312D37-D0A4-4944-B4EF-0F6C30A76CD8}.Release|Any CPU.ActiveCfg = Release|Any CPU
		{E9312D37-D0A4-4944-B4EF-0F6C30A76CD8}.Release|Any CPU.Build.0 = Release|Any CPU
		{150D6238-1181-40E4-9642-1412E40E7B00}.Debug|Any CPU.ActiveCfg = Debug|Any CPU
		{150D6238-1181-40E4-9642-1412E40E7B00}.Debug|Any CPU.Build.0 = Debug|Any CPU
		{150D6238-1181-40E4-9642-1412E40E7B00}.Release|Any CPU.ActiveCfg = Release|Any CPU
		{150D6238-1181-40E4-9642-1412E40E7B00}.Release|Any CPU.Build.0 = Release|Any CPU
		{AD9BF3F4-7750-4444-AD0D-5BFDA95F21C2}.Debug|Any CPU.ActiveCfg = Debug|Any CPU
		{AD9BF3F4-7750-4444-AD0D-5BFDA95F21C2}.Debug|Any CPU.Build.0 = Debug|Any CPU
		{AD9BF3F4-7750-4444-AD0D-5BFDA95F21C2}.Release|Any CPU.ActiveCfg = Release|Any CPU
		{AD9BF3F4-7750-4444-AD0D-5BFDA95F21C2}.Release|Any CPU.Build.0 = Release|Any CPU
		{4054CA78-9470-4C60-9C6F-CB9C250DF72A}.Debug|Any CPU.ActiveCfg = Debug|Any CPU
		{4054CA78-9470-4C60-9C6F-CB9C250DF72A}.Debug|Any CPU.Build.0 = Debug|Any CPU
		{4054CA78-9470-4C60-9C6F-CB9C250DF72A}.Release|Any CPU.ActiveCfg = Release|Any CPU
		{4054CA78-9470-4C60-9C6F-CB9C250DF72A}.Release|Any CPU.Build.0 = Release|Any CPU
		{B53CFDFB-6FE7-4B92-A53F-5CFE44F7CAA9}.Debug|Any CPU.ActiveCfg = Debug|Any CPU
		{B53CFDFB-6FE7-4B92-A53F-5CFE44F7CAA9}.Debug|Any CPU.Build.0 = Debug|Any CPU
		{B53CFDFB-6FE7-4B92-A53F-5CFE44F7CAA9}.Release|Any CPU.ActiveCfg = Release|Any CPU
		{B53CFDFB-6FE7-4B92-A53F-5CFE44F7CAA9}.Release|Any CPU.Build.0 = Release|Any CPU
	EndGlobalSection
	GlobalSection(NestedProjects) = preSolution
		{B315D296-87E1-4A5A-8476-E3B965E6DCB7} = {534A2313-4FD7-4222-81C5-F13F9CBE5BF5}
		{9711F09C-F5A5-4BBB-8F22-B68037BA2A3D} = {534A2313-4FD7-4222-81C5-F13F9CBE5BF5}
		{AE9A9564-13A6-4A27-89D5-700D62C689C6} = {EF16333B-3A1D-462D-AAE4-47E5D707C670}
		{AE367857-3C28-4D7C-AD55-FA4498D8F5E5} = {EF16333B-3A1D-462D-AAE4-47E5D707C670}
		{8B5235E5-56D9-4550-9AED-49FCD3409D63} = {EF16333B-3A1D-462D-AAE4-47E5D707C670}
		{B4C6FE28-1951-4829-A8DD-3D97F57C25D0} = {EF16333B-3A1D-462D-AAE4-47E5D707C670}
		{534A2313-4FD7-4222-81C5-F13F9CBE5BF5} = {EF16333B-3A1D-462D-AAE4-47E5D707C670}
		{3D4FDD1E-68D2-4D0C-A19D-1EF05715C70B} = {53344CB4-63DA-4E34-9AF3-B6A5A858D06E}
		{025AFBAB-8A89-48E2-B9E5-CE51168AFA74} = {53344CB4-63DA-4E34-9AF3-B6A5A858D06E}
		{A3FC83E4-8345-44C6-87FB-D22E4E90905D} = {53344CB4-63DA-4E34-9AF3-B6A5A858D06E}
		{28234451-4B23-4944-8642-57DB2440737A} = {A3FC83E4-8345-44C6-87FB-D22E4E90905D}
		{E9312D37-D0A4-4944-B4EF-0F6C30A76CD8} = {53344CB4-63DA-4E34-9AF3-B6A5A858D06E}
		{150D6238-1181-40E4-9642-1412E40E7B00} = {53344CB4-63DA-4E34-9AF3-B6A5A858D06E}
		{AD9BF3F4-7750-4444-AD0D-5BFDA95F21C2} = {B8778308-C727-47A4-93AD-18EA67BC91D7}
		{09988BDC-7B51-4FCF-B576-CDBEC48A4DDB} = {B8778308-C727-47A4-93AD-18EA67BC91D7}
		{4054CA78-9470-4C60-9C6F-CB9C250DF72A} = {09988BDC-7B51-4FCF-B576-CDBEC48A4DDB}
		{B53CFDFB-6FE7-4B92-A53F-5CFE44F7CAA9} = {A3FC83E4-8345-44C6-87FB-D22E4E90905D}
	EndGlobalSection
EndGlobal
